PODS:
  - Alamofire (4.0.1)
  - jot (0.1.5):
    - Masonry (~> 0.6.1)
  - Masonry (0.6.4)

DEPENDENCIES:
  - Alamofire (~> 4.0)
  - jot

SPEC CHECKSUMS:
  Alamofire: 7682d43245de14874acd142ec137b144aa1dd335
  jot: 0f5dc333defa6ad805d01adc3834b201c22510a7
  Masonry: 281802d04d787ea2973179ee8bcb50500579ede2

PODFILE CHECKSUM: 12ebf9645413532e49bcaa496e52eb85aa2469bf

COCOAPODS: 1.1.1
